
Microsoft Visual Studio Solution File, Format Version 12.00
# Visual Studio Version 16
VisualStudioVersion = 16.0.31321.278
MinimumVisualStudioVersion = 10.0.40219.1
Project("{9A19103F-16F7-4668-BE54-9A1E7A4F7556}") = "NorthwindWeb", "NorthwindWeb\NorthwindWeb.csproj", "{3340D8FF-3860-45BD-B919-32F392CADBC9}"
EndProject
Project("{9A19103F-16F7-4668-BE54-9A1E7A4F7556}") = "NorthwindEntitiesLib", "NorthwindEntitiesLib\NorthwindEntitiesLib.csproj", "{56DBD9A5-C396-4865-A704-3FFD96498584}"
EndProject
Project("{9A19103F-16F7-4668-BE54-9A1E7A4F7556}") = "NorthwindContextLib", "NorthwindContextLib\NorthwindContextLib.csproj", "{6D29841D-6A38-400A-B8D2-C7BA7BD641E0}"
EndProject
Global
	GlobalSection(SolutionConfigurationPlatforms) = preSolution
		Debug|Any CPU = Debug|Any CPU
		Release|Any CPU = Release|Any CPU
	EndGlobalSection
	GlobalSection(ProjectConfigurationPlatforms) = postSolution
		{3340D8FF-3860-45BD-B919-32F392CADBC9}.Debug|Any CPU.ActiveCfg = Debug|Any CPU
		{3340D8FF-3860-45BD-B919-32F392CADBC9}.Debug|Any CPU.Build.0 = Debug|Any CPU
		{3340D8FF-3860-45BD-B919-32F392CADBC9}.Release|Any CPU.ActiveCfg = Release|Any CPU
		{3340D8FF-3860-45BD-B919-32F392CADBC9}.Release|Any CPU.Build.0 = Release|Any CPU
		{56DBD9A5-C396-4865-A704-3FFD96498584}.Debug|Any CPU.ActiveCfg = Debug|Any CPU
		{56DBD9A5-C396-4865-A704-3FFD96498584}.Debug|Any CPU.Build.0 = Debug|Any CPU
		{56DBD9A5-C396-4865-A704-3FFD96498584}.Release|Any CPU.ActiveCfg = Release|Any CPU
		{56DBD9A5-C396-4865-A704-3FFD96498584}.Release|Any CPU.Build.0 = Release|Any CPU
		{6D29841D-6A38-400A-B8D2-C7BA7BD641E0}.Debug|Any CPU.ActiveCfg = Debug|Any CPU
		{6D29841D-6A38-400A-B8D2-C7BA7BD641E0}.Debug|Any CPU.Build.0 = Debug|Any CPU
		{6D29841D-6A38-400A-B8D2-C7BA7BD641E0}.Release|Any CPU.ActiveCfg = Release|Any CPU
		{6D29841D-6A38-400A-B8D2-C7BA7BD641E0}.Release|Any CPU.Build.0 = Release|Any CPU
	EndGlobalSection
	GlobalSection(SolutionProperties) = preSolution
		HideSolutionNode = FALSE
	EndGlobalSection
	GlobalSection(ExtensibilityGlobals) = postSolution
		SolutionGuid = {EA3C80C2-6552-457D-A9A3-8E8A0EA2C43A}
	EndGlobalSection
EndGlobal
